
Microsoft Visual Studio Solution File, Format Version 12.00
# Visual Studio Version 17
VisualStudioVersion = 17.13.35931.197
MinimumVisualStudioVersion = 10.0.40219.1
Project("{FAE04EC0-301F-11D3-BF4B-00C04F79EFBC}") = "NestPhone_V_2906", "NestPhone_V_2906\NestPhone_V_2906.csproj", "{52F1E6C9-0186-40EC-88B1-7F9C5CB06D99}"
EndProject
Project("{FAE04EC0-301F-11D3-BF4B-00C04F79EFBC}") = "NestPhoneGiaoDien", "NestPhoneGiaoDien\NestPhoneGiaoDien.csproj", "{97C72414-B261-4C02-B9C1-7996B50F8D3C}"
EndProject
Global
	GlobalSection(SolutionConfigurationPlatforms) = preSolution
		Debug|Any CPU = Debug|Any CPU
		Release|Any CPU = Release|Any CPU
	EndGlobalSection
	GlobalSection(ProjectConfigurationPlatforms) = postSolution
		{52F1E6C9-0186-40EC-88B1-7F9C5CB06D99}.Debug|Any CPU.ActiveCfg = Debug|Any CPU
		{52F1E6C9-0186-40EC-88B1-7F9C5CB06D99}.Debug|Any CPU.Build.0 = Debug|Any CPU
		{52F1E6C9-0186-40EC-88B1-7F9C5CB06D99}.Release|Any CPU.ActiveCfg = Release|Any CPU
		{52F1E6C9-0186-40EC-88B1-7F9C5CB06D99}.Release|Any CPU.Build.0 = Release|Any CPU
		{97C72414-B261-4C02-B9C1-7996B50F8D3C}.Debug|Any CPU.ActiveCfg = Debug|Any CPU
		{97C72414-B261-4C02-B9C1-7996B50F8D3C}.Debug|Any CPU.Build.0 = Debug|Any CPU
		{97C72414-B261-4C02-B9C1-7996B50F8D3C}.Release|Any CPU.ActiveCfg = Release|Any CPU
		{97C72414-B261-4C02-B9C1-7996B50F8D3C}.Release|Any CPU.Build.0 = Release|Any CPU
	EndGlobalSection
	GlobalSection(SolutionProperties) = preSolution
		HideSolutionNode = FALSE
	EndGlobalSection
	GlobalSection(ExtensibilityGlobals) = postSolution
		SolutionGuid = {BC8484D1-E04B-41F7-B4DE-51627F47CEA6}
	EndGlobalSection
EndGlobal
